
Microsoft Visual Studio Solution File, Format Version 12.00
# Visual Studio Version 17
VisualStudioVersion = 17.7.34003.232
MinimumVisualStudioVersion = 10.0.40219.1
Project("{FAE04EC0-301F-11D3-BF4B-00C04F79EFBC}") = "Hash", "Hash.csproj", "{2894CC46-7BF7-41D4-A213-AFA1CEAE7F8D}"
EndProject
Global
	GlobalSection(SolutionConfigurationPlatforms) = preSolution
		Debug|Any CPU = Debug|Any CPU
		Release|Any CPU = Release|Any CPU
	EndGlobalSection
	GlobalSection(ProjectConfigurationPlatforms) = postSolution
		{2894CC46-7BF7-41D4-A213-AFA1CEAE7F8D}.Debug|Any CPU.ActiveCfg = Debug|Any CPU
		{2894CC46-7BF7-41D4-A213-AFA1CEAE7F8D}.Debug|Any CPU.Build.0 = Debug|Any CPU
		{2894CC46-7BF7-41D4-A213-AFA1CEAE7F8D}.Release|Any CPU.ActiveCfg = Release|Any CPU
		{2894CC46-7BF7-41D4-A213-AFA1CEAE7F8D}.Release|Any CPU.Build.0 = Release|Any CPU
	EndGlobalSection
	GlobalSection(SolutionProperties) = preSolution
		HideSolutionNode = FALSE
	EndGlobalSection
	GlobalSection(ExtensibilityGlobals) = postSolution
		SolutionGuid = {44C21C3A-EBB1-48F1-9A63-E8EE63FFF495}
	EndGlobalSection
EndGlobal
