
Microsoft Visual Studio Solution File, Format Version 12.00
# Visual Studio Version 17
VisualStudioVersion = 17.7.34003.232
MinimumVisualStudioVersion = 10.0.40219.1
Project("{FAE04EC0-301F-11D3-BF4B-00C04F79EFBC}") = "Atividade 05 - Classe Ingresso", "Atividade 05 - Classe Ingresso.csproj", "{91083D02-91A9-4F8D-B3FB-F24CE29A7CC2}"
EndProject
Global
	GlobalSection(SolutionConfigurationPlatforms) = preSolution
		Debug|Any CPU = Debug|Any CPU
		Release|Any CPU = Release|Any CPU
	EndGlobalSection
	GlobalSection(ProjectConfigurationPlatforms) = postSolution
		{91083D02-91A9-4F8D-B3FB-F24CE29A7CC2}.Debug|Any CPU.ActiveCfg = Debug|Any CPU
		{91083D02-91A9-4F8D-B3FB-F24CE29A7CC2}.Debug|Any CPU.Build.0 = Debug|Any CPU
		{91083D02-91A9-4F8D-B3FB-F24CE29A7CC2}.Release|Any CPU.ActiveCfg = Release|Any CPU
		{91083D02-91A9-4F8D-B3FB-F24CE29A7CC2}.Release|Any CPU.Build.0 = Release|Any CPU
	EndGlobalSection
	GlobalSection(SolutionProperties) = preSolution
		HideSolutionNode = FALSE
	EndGlobalSection
	GlobalSection(ExtensibilityGlobals) = postSolution
		SolutionGuid = {BA7ADAA2-D369-4A66-8691-7A8AEA59747C}
	EndGlobalSection
EndGlobal
